// !$*UTF8*$!
{
	archiveVersion = 1;
	classes = {
	};
	objectVersion = 46;
	objects = {

/* Begin PBXBuildFile section */
		1B36925AF22DADD1FDEB0427 /* Pods_MYKit_Example.framework in Frameworks */ = {isa = PBXBuildFile; fileRef = 400795E3CFCB8D33BC17623F /* Pods_MYKit_Example.framework */; };
		32DEE02E22672C2D00057E4C /* FoundationKitViewController.m in Sources */ = {isa = PBXBuildFile; fileRef = 32DEDFFD22672C2C00057E4C /* FoundationKitViewController.m */; };
		32DEE02F22672C2D00057E4C /* MYKVOViewController.m in Sources */ = {isa = PBXBuildFile; fileRef = 32DEDFFF22672C2D00057E4C /* MYKVOViewController.m */; };
		32DEE03022672C2D00057E4C /* MYTimerViewController.m in Sources */ = {isa = PBXBuildFile; fileRef = 32DEE00122672C2D00057E4C /* MYTimerViewController.m */; };
		32DEE03122672C2D00057E4C /* MYUnrecognizedSelectorViewController.m in Sources */ = {isa = PBXBuildFile; fileRef = 32DEE00222672C2D00057E4C /* MYUnrecognizedSelectorViewController.m */; };
		32DEE03222672C2D00057E4C /* MYFoundationViewController.m in Sources */ = {isa = PBXBuildFile; fileRef = 32DEE00322672C2D00057E4C /* MYFoundationViewController.m */; };
		32DEE03322672C2D00057E4C /* MYNotificationViewController.m in Sources */ = {isa = PBXBuildFile; fileRef = 32DEE00422672C2D00057E4C /* MYNotificationViewController.m */; };
		32DEE03422672C2D00057E4C /* MYUncaughtExceptionViewController.m in Sources */ = {isa = PBXBuildFile; fileRef = 32DEE00622672C2D00057E4C /* MYUncaughtExceptionViewController.m */; };
		32DEE03522672C2D00057E4C /* UIKitViewController.m in Sources */ = {isa = PBXBuildFile; fileRef = 32DEE00C22672C2D00057E4C /* UIKitViewController.m */; };
		32DEE03622672C2D00057E4C /* MYAppDelegate.m in Sources */ = {isa = PBXBuildFile; fileRef = 32DEE00D22672C2D00057E4C /* MYAppDelegate.m */; };
		32DEE03722672C2D00057E4C /* MYDateViewController.m in Sources */ = {isa = PBXBuildFile; fileRef = 32DEE01022672C2D00057E4C /* MYDateViewController.m */; };
		32DEE03822672C2D00057E4C /* MYColorViewController.m in Sources */ = {isa = PBXBuildFile; fileRef = 32DEE01222672C2D00057E4C /* MYColorViewController.m */; };
		32DEE03922672C2D00057E4C /* MYAlertViewController.m in Sources */ = {isa = PBXBuildFile; fileRef = 32DEE01422672C2D00057E4C /* MYAlertViewController.m */; };
		32DEE03A22672C2D00057E4C /* MYLabelViewController.m in Sources */ = {isa = PBXBuildFile; fileRef = 32DEE01622672C2D00057E4C /* MYLabelViewController.m */; };
		32DEE03B22672C2D00057E4C /* MYImageViewController.m in Sources */ = {isa = PBXBuildFile; fileRef = 32DEE01822672C2D00057E4C /* MYImageViewController.m */; };
		32DEE03C22672C2D00057E4C /* MYNavigationBarViewController.m in Sources */ = {isa = PBXBuildFile; fileRef = 32DEE01A22672C2D00057E4C /* MYNavigationBarViewController.m */; };
		32DEE03D22672C2D00057E4C /* MYTextViewController.m in Sources */ = {isa = PBXBuildFile; fileRef = 32DEE01B22672C2D00057E4C /* MYTextViewController.m */; };
		32DEE03E22672C2D00057E4C /* MYPlaceHolderView.m in Sources */ = {isa = PBXBuildFile; fileRef = 32DEE01D22672C2D00057E4C /* MYPlaceHolderView.m */; };
		32DEE03F22672C2D00057E4C /* MYButtonViewController.m in Sources */ = {isa = PBXBuildFile; fileRef = 32DEE02122672C2D00057E4C /* MYButtonViewController.m */; };
		32DEE04022672C2D00057E4C /* MYTextFieldViewController.m in Sources */ = {isa = PBXBuildFile; fileRef = 32DEE02322672C2D00057E4C /* MYTextFieldViewController.m */; };
		32DEE04122672C2D00057E4C /* MYTableViewController.m in Sources */ = {isa = PBXBuildFile; fileRef = 32DEE02522672C2D00057E4C /* MYTableViewController.m */; };
		32DEE04222672C2D00057E4C /* MYCollectionViewController.m in Sources */ = {isa = PBXBuildFile; fileRef = 32DEE02722672C2D00057E4C /* MYCollectionViewController.m */; };
		32DEE04322672C2D00057E4C /* MYViewController.m in Sources */ = {isa = PBXBuildFile; fileRef = 32DEE02922672C2D00057E4C /* MYViewController.m */; };
		32DEE04422672C2D00057E4C /* SafeKitViewController.m in Sources */ = {isa = PBXBuildFile; fileRef = 32DEE02D22672C2D00057E4C /* SafeKitViewController.m */; };
		6003F58E195388D20070C39A /* Foundation.framework in Frameworks */ = {isa = PBXBuildFile; fileRef = 6003F58D195388D20070C39A /* Foundation.framework */; };
		6003F590195388D20070C39A /* CoreGraphics.framework in Frameworks */ = {isa = PBXBuildFile; fileRef = 6003F58F195388D20070C39A /* CoreGraphics.framework */; };
		6003F592195388D20070C39A /* UIKit.framework in Frameworks */ = {isa = PBXBuildFile; fileRef = 6003F591195388D20070C39A /* UIKit.framework */; };
		6003F598195388D20070C39A /* InfoPlist.strings in Resources */ = {isa = PBXBuildFile; fileRef = 6003F596195388D20070C39A /* InfoPlist.strings */; };
		6003F59A195388D20070C39A /* main.m in Sources */ = {isa = PBXBuildFile; fileRef = 6003F599195388D20070C39A /* main.m */; };
		6003F5A9195388D20070C39A /* Images.xcassets in Resources */ = {isa = PBXBuildFile; fileRef = 6003F5A8195388D20070C39A /* Images.xcassets */; };
		6003F5B0195388D20070C39A /* XCTest.framework in Frameworks */ = {isa = PBXBuildFile; fileRef = 6003F5AF195388D20070C39A /* XCTest.framework */; };
		6003F5B1195388D20070C39A /* Foundation.framework in Frameworks */ = {isa = PBXBuildFile; fileRef = 6003F58D195388D20070C39A /* Foundation.framework */; };
		6003F5B2195388D20070C39A /* UIKit.framework in Frameworks */ = {isa = PBXBuildFile; fileRef = 6003F591195388D20070C39A /* UIKit.framework */; };
		6003F5BA195388D20070C39A /* InfoPlist.strings in Resources */ = {isa = PBXBuildFile; fileRef = 6003F5B8195388D20070C39A /* InfoPlist.strings */; };
		6003F5BC195388D20070C39A /* Tests.m in Sources */ = {isa = PBXBuildFile; fileRef = 6003F5BB195388D20070C39A /* Tests.m */; };
		71719F9F1E33DC2100824A3D /* LaunchScreen.storyboard in Resources */ = {isa = PBXBuildFile; fileRef = 71719F9D1E33DC2100824A3D /* LaunchScreen.storyboard */; };
		873B8AEB1B1F5CCA007FD442 /* Main.storyboard in Resources */ = {isa = PBXBuildFile; fileRef = 873B8AEA1B1F5CCA007FD442 /* Main.storyboard */; };
		CB322ADFC0A76C8199836C6D /* Pods_MYKit_Tests.framework in Frameworks */ = {isa = PBXBuildFile; fileRef = 499667D9A9405E2F4C132E57 /* Pods_MYKit_Tests.framework */; };
/* End PBXBuildFile section */

/* Begin PBXContainerItemProxy section */
		6003F5B3195388D20070C39A /* PBXContainerItemProxy */ = {
			isa = PBXContainerItemProxy;
			containerPortal = 6003F582195388D10070C39A /* Project object */;
			proxyType = 1;
			remoteGlobalIDString = 6003F589195388D20070C39A;
			remoteInfo = MYKit;
		};
/* End PBXContainerItemProxy section */

/* Begin PBXFileReference section */
		2FB4D43C7A3AFA0B7259E645 /* Pods-MYKit_Tests.release.xcconfig */ = {isa = PBXFileReference; includeInIndex = 1; lastKnownFileType = text.xcconfig; name = "Pods-MYKit_Tests.release.xcconfig"; path = "Target Support Files/Pods-MYKit_Tests/Pods-MYKit_Tests.release.xcconfig"; sourceTree = "<group>"; };
		32DEDFFD22672C2C00057E4C /* FoundationKitViewController.m */ = {isa = PBXFileReference; fileEncoding = 4; lastKnownFileType = sourcecode.c.objc; path = FoundationKitViewController.m; sourceTree = "<group>"; };
		32DEDFFF22672C2D00057E4C /* MYKVOViewController.m */ = {isa = PBXFileReference; fileEncoding = 4; lastKnownFileType = sourcecode.c.objc; path = MYKVOViewController.m; sourceTree = "<group>"; };
		32DEE00022672C2D00057E4C /* MYUncaughtExceptionViewController.h */ = {isa = PBXFileReference; fileEncoding = 4; lastKnownFileType = sourcecode.c.h; path = MYUncaughtExceptionViewController.h; sourceTree = "<group>"; };
		32DEE00122672C2D00057E4C /* MYTimerViewController.m */ = {isa = PBXFileReference; fileEncoding = 4; lastKnownFileType = sourcecode.c.objc; path = MYTimerViewController.m; sourceTree = "<group>"; };
		32DEE00222672C2D00057E4C /* MYUnrecognizedSelectorViewController.m */ = {isa = PBXFileReference; fileEncoding = 4; lastKnownFileType = sourcecode.c.objc; path = MYUnrecognizedSelectorViewController.m; sourceTree = "<group>"; };
		32DEE00322672C2D00057E4C /* MYFoundationViewController.m */ = {isa = PBXFileReference; fileEncoding = 4; lastKnownFileType = sourcecode.c.objc; path = MYFoundationViewController.m; sourceTree = "<group>"; };
		32DEE00422672C2D00057E4C /* MYNotificationViewController.m */ = {isa = PBXFileReference; fileEncoding = 4; lastKnownFileType = sourcecode.c.objc; path = MYNotificationViewController.m; sourceTree = "<group>"; };
		32DEE00522672C2D00057E4C /* MYTimerViewController.h */ = {isa = PBXFileReference; fileEncoding = 4; lastKnownFileType = sourcecode.c.h; path = MYTimerViewController.h; sourceTree = "<group>"; };
		32DEE00622672C2D00057E4C /* MYUncaughtExceptionViewController.m */ = {isa = PBXFileReference; fileEncoding = 4; lastKnownFileType = sourcecode.c.objc; path = MYUncaughtExceptionViewController.m; sourceTree = "<group>"; };
		32DEE00722672C2D00057E4C /* MYKVOViewController.h */ = {isa = PBXFileReference; fileEncoding = 4; lastKnownFileType = sourcecode.c.h; path = MYKVOViewController.h; sourceTree = "<group>"; };
		32DEE00822672C2D00057E4C /* MYUnrecognizedSelectorViewController.h */ = {isa = PBXFileReference; fileEncoding = 4; lastKnownFileType = sourcecode.c.h; path = MYUnrecognizedSelectorViewController.h; sourceTree = "<group>"; };
		32DEE00922672C2D00057E4C /* MYNotificationViewController.h */ = {isa = PBXFileReference; fileEncoding = 4; lastKnownFileType = sourcecode.c.h; path = MYNotificationViewController.h; sourceTree = "<group>"; };
		32DEE00A22672C2D00057E4C /* MYFoundationViewController.h */ = {isa = PBXFileReference; fileEncoding = 4; lastKnownFileType = sourcecode.c.h; path = MYFoundationViewController.h; sourceTree = "<group>"; };
		32DEE00B22672C2D00057E4C /* FoundationKitViewController.h */ = {isa = PBXFileReference; fileEncoding = 4; lastKnownFileType = sourcecode.c.h; path = FoundationKitViewController.h; sourceTree = "<group>"; };
		32DEE00C22672C2D00057E4C /* UIKitViewController.m */ = {isa = PBXFileReference; fileEncoding = 4; lastKnownFileType = sourcecode.c.objc; path = UIKitViewController.m; sourceTree = "<group>"; };
		32DEE00D22672C2D00057E4C /* MYAppDelegate.m */ = {isa = PBXFileReference; fileEncoding = 4; lastKnownFileType = sourcecode.c.objc; path = MYAppDelegate.m; sourceTree = "<group>"; };
		32DEE00F22672C2D00057E4C /* MYDateViewController.h */ = {isa = PBXFileReference; fileEncoding = 4; lastKnownFileType = sourcecode.c.h; path = MYDateViewController.h; sourceTree = "<group>"; };
		32DEE01022672C2D00057E4C /* MYDateViewController.m */ = {isa = PBXFileReference; fileEncoding = 4; lastKnownFileType = sourcecode.c.objc; path = MYDateViewController.m; sourceTree = "<group>"; };
		32DEE01222672C2D00057E4C /* MYColorViewController.m */ = {isa = PBXFileReference; fileEncoding = 4; lastKnownFileType = sourcecode.c.objc; path = MYColorViewController.m; sourceTree = "<group>"; };
		32DEE01322672C2D00057E4C /* MYButtonViewController.h */ = {isa = PBXFileReference; fileEncoding = 4; lastKnownFileType = sourcecode.c.h; path = MYButtonViewController.h; sourceTree = "<group>"; };
		32DEE01422672C2D00057E4C /* MYAlertViewController.m */ = {isa = PBXFileReference; fileEncoding = 4; lastKnownFileType = sourcecode.c.objc; path = MYAlertViewController.m; sourceTree = "<group>"; };
		32DEE01522672C2D00057E4C /* MYTableViewController.h */ = {isa = PBXFileReference; fileEncoding = 4; lastKnownFileType = sourcecode.c.h; path = MYTableViewController.h; sourceTree = "<group>"; };
		32DEE01622672C2D00057E4C /* MYLabelViewController.m */ = {isa = PBXFileReference; fileEncoding = 4; lastKnownFileType = sourcecode.c.objc; path = MYLabelViewController.m; sourceTree = "<group>"; };
		32DEE01722672C2D00057E4C /* MYTextFieldViewController.h */ = {isa = PBXFileReference; fileEncoding = 4; lastKnownFileType = sourcecode.c.h; path = MYTextFieldViewController.h; sourceTree = "<group>"; };
		32DEE01822672C2D00057E4C /* MYImageViewController.m */ = {isa = PBXFileReference; fileEncoding = 4; lastKnownFileType = sourcecode.c.objc; path = MYImageViewController.m; sourceTree = "<group>"; };
		32DEE01922672C2D00057E4C /* MYCollectionViewController.h */ = {isa = PBXFileReference; fileEncoding = 4; lastKnownFileType = sourcecode.c.h; path = MYCollectionViewController.h; sourceTree = "<group>"; };
		32DEE01A22672C2D00057E4C /* MYNavigationBarViewController.m */ = {isa = PBXFileReference; fileEncoding = 4; lastKnownFileType = sourcecode.c.objc; path = MYNavigationBarViewController.m; sourceTree = "<group>"; };
		32DEE01B22672C2D00057E4C /* MYTextViewController.m */ = {isa = PBXFileReference; fileEncoding = 4; lastKnownFileType = sourcecode.c.objc; path = MYTextViewController.m; sourceTree = "<group>"; };
		32DEE01D22672C2D00057E4C /* MYPlaceHolderView.m */ = {isa = PBXFileReference; fileEncoding = 4; lastKnownFileType = sourcecode.c.objc; path = MYPlaceHolderView.m; sourceTree = "<group>"; };
		32DEE01E22672C2D00057E4C /* MYPlaceHolderView.h */ = {isa = PBXFileReference; fileEncoding = 4; lastKnownFileType = sourcecode.c.h; path = MYPlaceHolderView.h; sourceTree = "<group>"; };
		32DEE01F22672C2D00057E4C /* MYViewController.h */ = {isa = PBXFileReference; fileEncoding = 4; lastKnownFileType = sourcecode.c.h; path = MYViewController.h; sourceTree = "<group>"; };
		32DEE02022672C2D00057E4C /* MYAlertViewController.h */ = {isa = PBXFileReference; fileEncoding = 4; lastKnownFileType = sourcecode.c.h; path = MYAlertViewController.h; sourceTree = "<group>"; };
		32DEE02122672C2D00057E4C /* MYButtonViewController.m */ = {isa = PBXFileReference; fileEncoding = 4; lastKnownFileType = sourcecode.c.objc; path = MYButtonViewController.m; sourceTree = "<group>"; };
		32DEE02222672C2D00057E4C /* MYColorViewController.h */ = {isa = PBXFileReference; fileEncoding = 4; lastKnownFileType = sourcecode.c.h; path = MYColorViewController.h; sourceTree = "<group>"; };
		32DEE02322672C2D00057E4C /* MYTextFieldViewController.m */ = {isa = PBXFileReference; fileEncoding = 4; lastKnownFileType = sourcecode.c.objc; path = MYTextFieldViewController.m; sourceTree = "<group>"; };
		32DEE02422672C2D00057E4C /* MYLabelViewController.h */ = {isa = PBXFileReference; fileEncoding = 4; lastKnownFileType = sourcecode.c.h; path = MYLabelViewController.h; sourceTree = "<group>"; };
		32DEE02522672C2D00057E4C /* MYTableViewController.m */ = {isa = PBXFileReference; fileEncoding = 4; lastKnownFileType = sourcecode.c.objc; path = MYTableViewController.m; sourceTree = "<group>"; };
		32DEE02622672C2D00057E4C /* MYNavigationBarViewController.h */ = {isa = PBXFileReference; fileEncoding = 4; lastKnownFileType = sourcecode.c.h; path = MYNavigationBarViewController.h; sourceTree = "<group>"; };
		32DEE02722672C2D00057E4C /* MYCollectionViewController.m */ = {isa = PBXFileReference; fileEncoding = 4; lastKnownFileType = sourcecode.c.objc; path = MYCollectionViewController.m; sourceTree = "<group>"; };
		32DEE02822672C2D00057E4C /* MYImageViewController.h */ = {isa = PBXFileReference; fileEncoding = 4; lastKnownFileType = sourcecode.c.h; path = MYImageViewController.h; sourceTree = "<group>"; };
		32DEE02922672C2D00057E4C /* MYViewController.m */ = {isa = PBXFileReference; fileEncoding = 4; lastKnownFileType = sourcecode.c.objc; path = MYViewController.m; sourceTree = "<group>"; };
		32DEE02A22672C2D00057E4C /* MYTextViewController.h */ = {isa = PBXFileReference; fileEncoding = 4; lastKnownFileType = sourcecode.c.h; path = MYTextViewController.h; sourceTree = "<group>"; };
		32DEE02B22672C2D00057E4C /* UIKitViewController.h */ = {isa = PBXFileReference; fileEncoding = 4; lastKnownFileType = sourcecode.c.h; path = UIKitViewController.h; sourceTree = "<group>"; };
		32DEE02C22672C2D00057E4C /* SafeKitViewController.h */ = {isa = PBXFileReference; fileEncoding = 4; lastKnownFileType = sourcecode.c.h; path = SafeKitViewController.h; sourceTree = "<group>"; };
		32DEE02D22672C2D00057E4C /* SafeKitViewController.m */ = {isa = PBXFileReference; fileEncoding = 4; lastKnownFileType = sourcecode.c.objc; path = SafeKitViewController.m; sourceTree = "<group>"; };
		32DEE04622672C5700057E4C /* MYKitMacroHeader.h */ = {isa = PBXFileReference; fileEncoding = 4; lastKnownFileType = sourcecode.c.h; path = MYKitMacroHeader.h; sourceTree = "<group>"; };
		400795E3CFCB8D33BC17623F /* Pods_MYKit_Example.framework */ = {isa = PBXFileReference; explicitFileType = wrapper.framework; includeInIndex = 0; path = Pods_MYKit_Example.framework; sourceTree = BUILT_PRODUCTS_DIR; };
		499667D9A9405E2F4C132E57 /* Pods_MYKit_Tests.framework */ = {isa = PBXFileReference; explicitFileType = wrapper.framework; includeInIndex = 0; path = Pods_MYKit_Tests.framework; sourceTree = BUILT_PRODUCTS_DIR; };
		4C6A39A7F7BFF78A30544056 /* Pods-MYKit_Tests.debug.xcconfig */ = {isa = PBXFileReference; includeInIndex = 1; lastKnownFileType = text.xcconfig; name = "Pods-MYKit_Tests.debug.xcconfig"; path = "Target Support Files/Pods-MYKit_Tests/Pods-MYKit_Tests.debug.xcconfig"; sourceTree = "<group>"; };
		6003F58A195388D20070C39A /* MYKit_Example.app */ = {isa = PBXFileReference; explicitFileType = wrapper.application; includeInIndex = 0; path = MYKit_Example.app; sourceTree = BUILT_PRODUCTS_DIR; };
		6003F58D195388D20070C39A /* Foundation.framework */ = {isa = PBXFileReference; lastKnownFileType = wrapper.framework; name = Foundation.framework; path = System/Library/Frameworks/Foundation.framework; sourceTree = SDKROOT; };
		6003F58F195388D20070C39A /* CoreGraphics.framework */ = {isa = PBXFileReference; lastKnownFileType = wrapper.framework; name = CoreGraphics.framework; path = System/Library/Frameworks/CoreGraphics.framework; sourceTree = SDKROOT; };
		6003F591195388D20070C39A /* UIKit.framework */ = {isa = PBXFileReference; lastKnownFileType = wrapper.framework; name = UIKit.framework; path = System/Library/Frameworks/UIKit.framework; sourceTree = SDKROOT; };
		6003F595195388D20070C39A /* MYKit-Info.plist */ = {isa = PBXFileReference; lastKnownFileType = text.plist.xml; path = "MYKit-Info.plist"; sourceTree = "<group>"; };
		6003F597195388D20070C39A /* en */ = {isa = PBXFileReference; lastKnownFileType = text.plist.strings; name = en; path = en.lproj/InfoPlist.strings; sourceTree = "<group>"; };
		6003F599195388D20070C39A /* main.m */ = {isa = PBXFileReference; lastKnownFileType = sourcecode.c.objc; path = main.m; sourceTree = "<group>"; };
		6003F59B195388D20070C39A /* MYKit-Prefix.pch */ = {isa = PBXFileReference; lastKnownFileType = sourcecode.c.h; path = "MYKit-Prefix.pch"; sourceTree = "<group>"; };
		6003F59C195388D20070C39A /* MYAppDelegate.h */ = {isa = PBXFileReference; lastKnownFileType = sourcecode.c.h; path = MYAppDelegate.h; sourceTree = "<group>"; };
		6003F5A8195388D20070C39A /* Images.xcassets */ = {isa = PBXFileReference; lastKnownFileType = folder.assetcatalog; path = Images.xcassets; sourceTree = "<group>"; };
		6003F5AE195388D20070C39A /* MYKit_Tests.xctest */ = {isa = PBXFileReference; explicitFileType = wrapper.cfbundle; includeInIndex = 0; path = MYKit_Tests.xctest; sourceTree = BUILT_PRODUCTS_DIR; };
		6003F5AF195388D20070C39A /* XCTest.framework */ = {isa = PBXFileReference; lastKnownFileType = wrapper.framework; name = XCTest.framework; path = Library/Frameworks/XCTest.framework; sourceTree = DEVELOPER_DIR; };
		6003F5B7195388D20070C39A /* Tests-Info.plist */ = {isa = PBXFileReference; lastKnownFileType = text.plist.xml; path = "Tests-Info.plist"; sourceTree = "<group>"; };
		6003F5B9195388D20070C39A /* en */ = {isa = PBXFileReference; lastKnownFileType = text.plist.strings; name = en; path = en.lproj/InfoPlist.strings; sourceTree = "<group>"; };
		6003F5BB195388D20070C39A /* Tests.m */ = {isa = PBXFileReference; lastKnownFileType = sourcecode.c.objc; path = Tests.m; sourceTree = "<group>"; };
		606FC2411953D9B200FFA9A0 /* Tests-Prefix.pch */ = {isa = PBXFileReference; lastKnownFileType = sourcecode.c.h; path = "Tests-Prefix.pch"; sourceTree = "<group>"; };
		6F1AFFCE0CD6089654C02456 /* Pods-MYKit_Example.debug.xcconfig */ = {isa = PBXFileReference; includeInIndex = 1; lastKnownFileType = text.xcconfig; name = "Pods-MYKit_Example.debug.xcconfig"; path = "Target Support Files/Pods-MYKit_Example/Pods-MYKit_Example.debug.xcconfig"; sourceTree = "<group>"; };
		71719F9E1E33DC2100824A3D /* Base */ = {isa = PBXFileReference; lastKnownFileType = file.storyboard; name = Base; path = Base.lproj/LaunchScreen.storyboard; sourceTree = "<group>"; };
		857188811AC5386D6F8A52E5 /* MYKit.podspec */ = {isa = PBXFileReference; includeInIndex = 1; lastKnownFileType = text; name = MYKit.podspec; path = ../MYKit.podspec; sourceTree = "<group>"; xcLanguageSpecificationIdentifier = xcode.lang.ruby; };
		873B8AEA1B1F5CCA007FD442 /* Main.storyboard */ = {isa = PBXFileReference; fileEncoding = 4; lastKnownFileType = file.storyboard; name = Main.storyboard; path = Base.lproj/Main.storyboard; sourceTree = "<group>"; };
		98347A3021374B240B69B6CF /* Pods-MYKit_Example.release.xcconfig */ = {isa = PBXFileReference; includeInIndex = 1; lastKnownFileType = text.xcconfig; name = "Pods-MYKit_Example.release.xcconfig"; path = "Target Support Files/Pods-MYKit_Example/Pods-MYKit_Example.release.xcconfig"; sourceTree = "<group>"; };
		C9AAA28D490C67459313F3AA /* LICENSE */ = {isa = PBXFileReference; includeInIndex = 1; lastKnownFileType = text; name = LICENSE; path = ../LICENSE; sourceTree = "<group>"; };
		DB4C4C99DFC2FD56BE573BFE /* README.md */ = {isa = PBXFileReference; includeInIndex = 1; lastKnownFileType = net.daringfireball.markdown; name = README.md; path = ../README.md; sourceTree = "<group>"; };
/* End PBXFileReference section */

/* Begin PBXFrameworksBuildPhase section */
		6003F587195388D20070C39A /* Frameworks */ = {
			isa = PBXFrameworksBuildPhase;
			buildActionMask = 2147483647;
			files = (
				6003F590195388D20070C39A /* CoreGraphics.framework in Frameworks */,
				6003F592195388D20070C39A /* UIKit.framework in Frameworks */,
				6003F58E195388D20070C39A /* Foundation.framework in Frameworks */,
				1B36925AF22DADD1FDEB0427 /* Pods_MYKit_Example.framework in Frameworks */,
			);
			runOnlyForDeploymentPostprocessing = 0;
		};
		6003F5AB195388D20070C39A /* Frameworks */ = {
			isa = PBXFrameworksBuildPhase;
			buildActionMask = 2147483647;
			files = (
				6003F5B0195388D20070C39A /* XCTest.framework in Frameworks */,
				6003F5B2195388D20070C39A /* UIKit.framework in Frameworks */,
				6003F5B1195388D20070C39A /* Foundation.framework in Frameworks */,
				CB322ADFC0A76C8199836C6D /* Pods_MYKit_Tests.framework in Frameworks */,
			);
			runOnlyForDeploymentPostprocessing = 0;
		};
/* End PBXFrameworksBuildPhase section */

/* Begin PBXGroup section */
		32DEDFFE22672C2D00057E4C /* SafeKit */ = {
			isa = PBXGroup;
			children = (
				32DEDFFF22672C2D00057E4C /* MYKVOViewController.m */,
				32DEE00022672C2D00057E4C /* MYUncaughtExceptionViewController.h */,
				32DEE00122672C2D00057E4C /* MYTimerViewController.m */,
				32DEE00222672C2D00057E4C /* MYUnrecognizedSelectorViewController.m */,
				32DEE00322672C2D00057E4C /* MYFoundationViewController.m */,
				32DEE00422672C2D00057E4C /* MYNotificationViewController.m */,
				32DEE00522672C2D00057E4C /* MYTimerViewController.h */,
				32DEE00622672C2D00057E4C /* MYUncaughtExceptionViewController.m */,
				32DEE00722672C2D00057E4C /* MYKVOViewController.h */,
				32DEE00822672C2D00057E4C /* MYUnrecognizedSelectorViewController.h */,
				32DEE00922672C2D00057E4C /* MYNotificationViewController.h */,
				32DEE00A22672C2D00057E4C /* MYFoundationViewController.h */,
			);
			path = SafeKit;
			sourceTree = "<group>";
		};
		32DEE00E22672C2D00057E4C /* FoundationKit */ = {
			isa = PBXGroup;
			children = (
				32DEE00F22672C2D00057E4C /* MYDateViewController.h */,
				32DEE01022672C2D00057E4C /* MYDateViewController.m */,
			);
			path = FoundationKit;
			sourceTree = "<group>";
		};
		32DEE01122672C2D00057E4C /* UIKit */ = {
			isa = PBXGroup;
			children = (
				32DEE01222672C2D00057E4C /* MYColorViewController.m */,
				32DEE01322672C2D00057E4C /* MYButtonViewController.h */,
				32DEE01422672C2D00057E4C /* MYAlertViewController.m */,
				32DEE01522672C2D00057E4C /* MYTableViewController.h */,
				32DEE01622672C2D00057E4C /* MYLabelViewController.m */,
				32DEE01722672C2D00057E4C /* MYTextFieldViewController.h */,
				32DEE01822672C2D00057E4C /* MYImageViewController.m */,
				32DEE01922672C2D00057E4C /* MYCollectionViewController.h */,
				32DEE01A22672C2D00057E4C /* MYNavigationBarViewController.m */,
				32DEE01B22672C2D00057E4C /* MYTextViewController.m */,
				32DEE01C22672C2D00057E4C /* PlaceHolderView */,
				32DEE01F22672C2D00057E4C /* MYViewController.h */,
				32DEE02022672C2D00057E4C /* MYAlertViewController.h */,
				32DEE02122672C2D00057E4C /* MYButtonViewController.m */,
				32DEE02222672C2D00057E4C /* MYColorViewController.h */,
				32DEE02322672C2D00057E4C /* MYTextFieldViewController.m */,
				32DEE02422672C2D00057E4C /* MYLabelViewController.h */,
				32DEE02522672C2D00057E4C /* MYTableViewController.m */,
				32DEE02622672C2D00057E4C /* MYNavigationBarViewController.h */,
				32DEE02722672C2D00057E4C /* MYCollectionViewController.m */,
				32DEE02822672C2D00057E4C /* MYImageViewController.h */,
				32DEE02922672C2D00057E4C /* MYViewController.m */,
				32DEE02A22672C2D00057E4C /* MYTextViewController.h */,
			);
			path = UIKit;
			sourceTree = "<group>";
		};
		32DEE01C22672C2D00057E4C /* PlaceHolderView */ = {
			isa = PBXGroup;
			children = (
				32DEE01D22672C2D00057E4C /* MYPlaceHolderView.m */,
				32DEE01E22672C2D00057E4C /* MYPlaceHolderView.h */,
			);
			path = PlaceHolderView;
			sourceTree = "<group>";
		};
		6003F581195388D10070C39A = {
			isa = PBXGroup;
			children = (
				60FF7A9C1954A5C5007DD14C /* Podspec Metadata */,
				6003F593195388D20070C39A /* Example for MYKit */,
				6003F5B5195388D20070C39A /* Tests */,
				6003F58C195388D20070C39A /* Frameworks */,
				6003F58B195388D20070C39A /* Products */,
				EE398A4736EF9F4C30F50059 /* Pods */,
			);
			sourceTree = "<group>";
		};
		6003F58B195388D20070C39A /* Products */ = {
			isa = PBXGroup;
			children = (
				6003F58A195388D20070C39A /* MYKit_Example.app */,
				6003F5AE195388D20070C39A /* MYKit_Tests.xctest */,
			);
			name = Products;
			sourceTree = "<group>";
		};
		6003F58C195388D20070C39A /* Frameworks */ = {
			isa = PBXGroup;
			children = (
				6003F58D195388D20070C39A /* Foundation.framework */,
				6003F58F195388D20070C39A /* CoreGraphics.framework */,
				6003F591195388D20070C39A /* UIKit.framework */,
				6003F5AF195388D20070C39A /* XCTest.framework */,
				400795E3CFCB8D33BC17623F /* Pods_MYKit_Example.framework */,
				499667D9A9405E2F4C132E57 /* Pods_MYKit_Tests.framework */,
			);
			name = Frameworks;
			sourceTree = "<group>";
		};
		6003F593195388D20070C39A /* Example for MYKit */ = {
			isa = PBXGroup;
			children = (
				6003F59C195388D20070C39A /* MYAppDelegate.h */,
				32DEE04622672C5700057E4C /* MYKitMacroHeader.h */,
				32DEE00E22672C2D00057E4C /* FoundationKit */,
				32DEE00B22672C2D00057E4C /* FoundationKitViewController.h */,
				32DEDFFD22672C2C00057E4C /* FoundationKitViewController.m */,
				32DEE00D22672C2D00057E4C /* MYAppDelegate.m */,
				32DEDFFE22672C2D00057E4C /* SafeKit */,
				32DEE02C22672C2D00057E4C /* SafeKitViewController.h */,
				32DEE02D22672C2D00057E4C /* SafeKitViewController.m */,
				32DEE01122672C2D00057E4C /* UIKit */,
				32DEE02B22672C2D00057E4C /* UIKitViewController.h */,
				32DEE00C22672C2D00057E4C /* UIKitViewController.m */,
				873B8AEA1B1F5CCA007FD442 /* Main.storyboard */,
				71719F9D1E33DC2100824A3D /* LaunchScreen.storyboard */,
				6003F5A8195388D20070C39A /* Images.xcassets */,
				6003F594195388D20070C39A /* Supporting Files */,
			);
			name = "Example for MYKit";
			path = MYKit;
			sourceTree = "<group>";
		};
		6003F594195388D20070C39A /* Supporting Files */ = {
			isa = PBXGroup;
			children = (
				6003F595195388D20070C39A /* MYKit-Info.plist */,
				6003F596195388D20070C39A /* InfoPlist.strings */,
				6003F599195388D20070C39A /* main.m */,
				6003F59B195388D20070C39A /* MYKit-Prefix.pch */,
			);
			name = "Supporting Files";
			sourceTree = "<group>";
		};
		6003F5B5195388D20070C39A /* Tests */ = {
			isa = PBXGroup;
			children = (
				6003F5BB195388D20070C39A /* Tests.m */,
				6003F5B6195388D20070C39A /* Supporting Files */,
			);
			path = Tests;
			sourceTree = "<group>";
		};
		6003F5B6195388D20070C39A /* Supporting Files */ = {
			isa = PBXGroup;
			children = (
				6003F5B7195388D20070C39A /* Tests-Info.plist */,
				6003F5B8195388D20070C39A /* InfoPlist.strings */,
				606FC2411953D9B200FFA9A0 /* Tests-Prefix.pch */,
			);
			name = "Supporting Files";
			sourceTree = "<group>";
		};
		60FF7A9C1954A5C5007DD14C /* Podspec Metadata */ = {
			isa = PBXGroup;
			children = (
				857188811AC5386D6F8A52E5 /* MYKit.podspec */,
				DB4C4C99DFC2FD56BE573BFE /* README.md */,
				C9AAA28D490C67459313F3AA /* LICENSE */,
			);
			name = "Podspec Metadata";
			sourceTree = "<group>";
		};
		EE398A4736EF9F4C30F50059 /* Pods */ = {
			isa = PBXGroup;
			children = (
				6F1AFFCE0CD6089654C02456 /* Pods-MYKit_Example.debug.xcconfig */,
				98347A3021374B240B69B6CF /* Pods-MYKit_Example.release.xcconfig */,
				4C6A39A7F7BFF78A30544056 /* Pods-MYKit_Tests.debug.xcconfig */,
				2FB4D43C7A3AFA0B7259E645 /* Pods-MYKit_Tests.release.xcconfig */,
			);
			path = Pods;
			sourceTree = "<group>";
		};
/* End PBXGroup section */

/* Begin PBXNativeTarget section */
		6003F589195388D20070C39A /* MYKit_Example */ = {
			isa = PBXNativeTarget;
			buildConfigurationList = 6003F5BF195388D20070C39A /* Build configuration list for PBXNativeTarget "MYKit_Example" */;
			buildPhases = (
				4E30AEF230C2644A6CAC6F0F /* [CP] Check Pods Manifest.lock */,
				6003F586195388D20070C39A /* Sources */,
				6003F587195388D20070C39A /* Frameworks */,
				6003F588195388D20070C39A /* Resources */,
				D9B0DBA98DF952A3C1E32217 /* [CP] Embed Pods Frameworks */,
			);
			buildRules = (
			);
			dependencies = (
			);
			name = MYKit_Example;
			productName = MYKit;
			productReference = 6003F58A195388D20070C39A /* MYKit_Example.app */;
			productType = "com.apple.product-type.application";
		};
		6003F5AD195388D20070C39A /* MYKit_Tests */ = {
			isa = PBXNativeTarget;
			buildConfigurationList = 6003F5C2195388D20070C39A /* Build configuration list for PBXNativeTarget "MYKit_Tests" */;
			buildPhases = (
				0C628BDAC0B1F1766A3C1D70 /* [CP] Check Pods Manifest.lock */,
				6003F5AA195388D20070C39A /* Sources */,
				6003F5AB195388D20070C39A /* Frameworks */,
				6003F5AC195388D20070C39A /* Resources */,
			);
			buildRules = (
			);
			dependencies = (
				6003F5B4195388D20070C39A /* PBXTargetDependency */,
			);
			name = MYKit_Tests;
			productName = MYKitTests;
			productReference = 6003F5AE195388D20070C39A /* MYKit_Tests.xctest */;
			productType = "com.apple.product-type.bundle.unit-test";
		};
/* End PBXNativeTarget section */

/* Begin PBXProject section */
		6003F582195388D10070C39A /* Project object */ = {
			isa = PBXProject;
			attributes = {
				CLASSPREFIX = MY;
				LastUpgradeCheck = 0720;
				ORGANIZATIONNAME = sunjinshuai;
				TargetAttributes = {
					6003F5AD195388D20070C39A = {
						TestTargetID = 6003F589195388D20070C39A;
					};
				};
			};
			buildConfigurationList = 6003F585195388D10070C39A /* Build configuration list for PBXProject "MYKit" */;
			compatibilityVersion = "Xcode 3.2";
			developmentRegion = English;
			hasScannedForEncodings = 0;
			knownRegions = (
				en,
				Base,
			);
			mainGroup = 6003F581195388D10070C39A;
			productRefGroup = 6003F58B195388D20070C39A /* Products */;
			projectDirPath = "";
			projectRoot = "";
			targets = (
				6003F589195388D20070C39A /* MYKit_Example */,
				6003F5AD195388D20070C39A /* MYKit_Tests */,
			);
		};
/* End PBXProject section */

/* Begin PBXResourcesBuildPhase section */
		6003F588195388D20070C39A /* Resources */ = {
			isa = PBXResourcesBuildPhase;
			buildActionMask = 2147483647;
			files = (
				873B8AEB1B1F5CCA007FD442 /* Main.storyboard in Resources */,
				71719F9F1E33DC2100824A3D /* LaunchScreen.storyboard in Resources */,
				6003F5A9195388D20070C39A /* Images.xcassets in Resources */,
				6003F598195388D20070C39A /* InfoPlist.strings in Resources */,
			);
			runOnlyForDeploymentPostprocessing = 0;
		};
		6003F5AC195388D20070C39A /* Resources */ = {
			isa = PBXResourcesBuildPhase;
			buildActionMask = 2147483647;
			files = (
				6003F5BA195388D20070C39A /* InfoPlist.strings in Resources */,
			);
			runOnlyForDeploymentPostprocessing = 0;
		};
/* End PBXResourcesBuildPhase section */

/* Begin PBXShellScriptBuildPhase section */
		0C628BDAC0B1F1766A3C1D70 /* [CP] Check Pods Manifest.lock */ = {
			isa = PBXShellScriptBuildPhase;
			buildActionMask = 2147483647;
			files = (
			);
			inputFileListPaths = (
			);
			inputPaths = (
				"${PODS_PODFILE_DIR_PATH}/Podfile.lock",
				"${PODS_ROOT}/Manifest.lock",
			);
			name = "[CP] Check Pods Manifest.lock";
			outputFileListPaths = (
			);
			outputPaths = (
				"$(DERIVED_FILE_DIR)/Pods-MYKit_Tests-checkManifestLockResult.txt",
			);
			runOnlyForDeploymentPostprocessing = 0;
			shellPath = /bin/sh;
			shellScript = "diff \"${PODS_PODFILE_DIR_PATH}/Podfile.lock\" \"${PODS_ROOT}/Manifest.lock\" > /dev/null\nif [ $? != 0 ] ; then\n    # print error to STDERR\n    echo \"error: The sandbox is not in sync with the Podfile.lock. Run 'pod install' or update your CocoaPods installation.\" >&2\n    exit 1\nfi\n# This output is used by Xcode 'outputs' to avoid re-running this script phase.\necho \"SUCCESS\" > \"${SCRIPT_OUTPUT_FILE_0}\"\n";
			showEnvVarsInLog = 0;
		};
		4E30AEF230C2644A6CAC6F0F /* [CP] Check Pods Manifest.lock */ = {
			isa = PBXShellScriptBuildPhase;
			buildActionMask = 2147483647;
			files = (
			);
			inputFileListPaths = (
			);
			inputPaths = (
				"${PODS_PODFILE_DIR_PATH}/Podfile.lock",
				"${PODS_ROOT}/Manifest.lock",
			);
			name = "[CP] Check Pods Manifest.lock";
			outputFileListPaths = (
			);
			outputPaths = (
				"$(DERIVED_FILE_DIR)/Pods-MYKit_Example-checkManifestLockResult.txt",
			);
			runOnlyForDeploymentPostprocessing = 0;
			shellPath = /bin/sh;
			shellScript = "diff \"${PODS_PODFILE_DIR_PATH}/Podfile.lock\" \"${PODS_ROOT}/Manifest.lock\" > /dev/null\nif [ $? != 0 ] ; then\n    # print error to STDERR\n    echo \"error: The sandbox is not in sync with the Podfile.lock. Run 'pod install' or update your CocoaPods installation.\" >&2\n    exit 1\nfi\n# This output is used by Xcode 'outputs' to avoid re-running this script phase.\necho \"SUCCESS\" > \"${SCRIPT_OUTPUT_FILE_0}\"\n";
			showEnvVarsInLog = 0;
		};
		D9B0DBA98DF952A3C1E32217 /* [CP] Embed Pods Frameworks */ = {
			isa = PBXShellScriptBuildPhase;
			buildActionMask = 2147483647;
			files = (
			);
			inputFileListPaths = (
			);
			inputPaths = (
				"${PODS_ROOT}/Target Support Files/Pods-MYKit_Example/Pods-MYKit_Example-frameworks.sh",
				"${BUILT_PRODUCTS_DIR}/MJRefresh/MJRefresh.framework",
				"${BUILT_PRODUCTS_DIR}/SDWebImage/SDWebImage.framework",
			);
			name = "[CP] Embed Pods Frameworks";
			outputFileListPaths = (
			);
			outputPaths = (
				"${TARGET_BUILD_DIR}/${FRAMEWORKS_FOLDER_PATH}/MJRefresh.framework",
				"${TARGET_BUILD_DIR}/${FRAMEWORKS_FOLDER_PATH}/SDWebImage.framework",
			);
			runOnlyForDeploymentPostprocessing = 0;
			shellPath = /bin/sh;
			shellScript = "\"${PODS_ROOT}/Target Support Files/Pods-MYKit_Example/Pods-MYKit_Example-frameworks.sh\"\n";
			showEnvVarsInLog = 0;
		};
/* End PBXShellScriptBuildPhase section */

/* Begin PBXSourcesBuildPhase section */
		6003F586195388D20070C39A /* Sources */ = {
			isa = PBXSourcesBuildPhase;
			buildActionMask = 2147483647;
			files = (
				32DEE03622672C2D00057E4C /* MYAppDelegate.m in Sources */,
				32DEE03522672C2D00057E4C /* UIKitViewController.m in Sources */,
				32DEE04222672C2D00057E4C /* MYCollectionViewController.m in Sources */,
				32DEE03022672C2D00057E4C /* MYTimerViewController.m in Sources */,
				32DEE03422672C2D00057E4C /* MYUncaughtExceptionViewController.m in Sources */,
				32DEE03C22672C2D00057E4C /* MYNavigationBarViewController.m in Sources */,
				32DEE03222672C2D00057E4C /* MYFoundationViewController.m in Sources */,
				32DEE02F22672C2D00057E4C /* MYKVOViewController.m in Sources */,
				32DEE04422672C2D00057E4C /* SafeKitViewController.m in Sources */,
				32DEE03D22672C2D00057E4C /* MYTextViewController.m in Sources */,
				32DEE03322672C2D00057E4C /* MYNotificationViewController.m in Sources */,
				32DEE02E22672C2D00057E4C /* FoundationKitViewController.m in Sources */,
				32DEE03E22672C2D00057E4C /* MYPlaceHolderView.m in Sources */,
				32DEE04122672C2D00057E4C /* MYTableViewController.m in Sources */,
				32DEE03122672C2D00057E4C /* MYUnrecognizedSelectorViewController.m in Sources */,
				32DEE03922672C2D00057E4C /* MYAlertViewController.m in Sources */,
				32DEE03B22672C2D00057E4C /* MYImageViewController.m in Sources */,
				32DEE03722672C2D00057E4C /* MYDateViewController.m in Sources */,
				32DEE04322672C2D00057E4C /* MYViewController.m in Sources */,
				32DEE03F22672C2D00057E4C /* MYButtonViewController.m in Sources */,
				32DEE04022672C2D00057E4C /* MYTextFieldViewController.m in Sources */,
				32DEE03822672C2D00057E4C /* MYColorViewController.m in Sources */,
				6003F59A195388D20070C39A /* main.m in Sources */,
				32DEE03A22672C2D00057E4C /* MYLabelViewController.m in Sources */,
			);
			runOnlyForDeploymentPostprocessing = 0;
		};
		6003F5AA195388D20070C39A /* Sources */ = {
			isa = PBXSourcesBuildPhase;
			buildActionMask = 2147483647;
			files = (
				6003F5BC195388D20070C39A /* Tests.m in Sources */,
			);
			runOnlyForDeploymentPostprocessing = 0;
		};
/* End PBXSourcesBuildPhase section */

/* Begin PBXTargetDependency section */
		6003F5B4195388D20070C39A /* PBXTargetDependency */ = {
			isa = PBXTargetDependency;
			target = 6003F589195388D20070C39A /* MYKit_Example */;
			targetProxy = 6003F5B3195388D20070C39A /* PBXContainerItemProxy */;
		};
/* End PBXTargetDependency section */

/* Begin PBXVariantGroup section */
		6003F596195388D20070C39A /* InfoPlist.strings */ = {
			isa = PBXVariantGroup;
			children = (
				6003F597195388D20070C39A /* en */,
			);
			name = InfoPlist.strings;
			sourceTree = "<group>";
		};
		6003F5B8195388D20070C39A /* InfoPlist.strings */ = {
			isa = PBXVariantGroup;
			children = (
				6003F5B9195388D20070C39A /* en */,
			);
			name = InfoPlist.strings;
			sourceTree = "<group>";
		};
		71719F9D1E33DC2100824A3D /* LaunchScreen.storyboard */ = {
			isa = PBXVariantGroup;
			children = (
				71719F9E1E33DC2100824A3D /* Base */,
			);
			name = LaunchScreen.storyboard;
			sourceTree = "<group>";
		};
/* End PBXVariantGroup section */

/* Begin XCBuildConfiguration section */
		6003F5BD195388D20070C39A /* Debug */ = {
			isa = XCBuildConfiguration;
			buildSettings = {
				ALWAYS_SEARCH_USER_PATHS = NO;
				CLANG_CXX_LANGUAGE_STANDARD = "gnu++0x";
				CLANG_CXX_LIBRARY = "libc++";
				CLANG_ENABLE_MODULES = YES;
				CLANG_ENABLE_OBJC_ARC = YES;
				CLANG_WARN_BOOL_CONVERSION = YES;
				CLANG_WARN_CONSTANT_CONVERSION = YES;
				CLANG_WARN_DIRECT_OBJC_ISA_USAGE = YES_ERROR;
				CLANG_WARN_EMPTY_BODY = YES;
				CLANG_WARN_ENUM_CONVERSION = YES;
				CLANG_WARN_INT_CONVERSION = YES;
				CLANG_WARN_OBJC_ROOT_CLASS = YES_ERROR;
				CLANG_WARN__DUPLICATE_METHOD_MATCH = YES;
				"CODE_SIGN_IDENTITY[sdk=iphoneos*]" = "iPhone Developer";
				COPY_PHASE_STRIP = NO;
				ENABLE_TESTABILITY = YES;
				GCC_C_LANGUAGE_STANDARD = gnu99;
				GCC_DYNAMIC_NO_PIC = NO;
				GCC_OPTIMIZATION_LEVEL = 0;
				GCC_PREPROCESSOR_DEFINITIONS = (
					"DEBUG=1",
					"$(inherited)",
				);
				GCC_SYMBOLS_PRIVATE_EXTERN = NO;
				GCC_WARN_64_TO_32_BIT_CONVERSION = YES;
				GCC_WARN_ABOUT_RETURN_TYPE = YES_ERROR;
				GCC_WARN_UNDECLARED_SELECTOR = YES;
				GCC_WARN_UNINITIALIZED_AUTOS = YES_AGGRESSIVE;
				GCC_WARN_UNUSED_FUNCTION = YES;
				GCC_WARN_UNUSED_VARIABLE = YES;
				IPHONEOS_DEPLOYMENT_TARGET = 9.3;
				ONLY_ACTIVE_ARCH = YES;
				SDKROOT = iphoneos;
				TARGETED_DEVICE_FAMILY = "1,2";
			};
			name = Debug;
		};
		6003F5BE195388D20070C39A /* Release */ = {
			isa = XCBuildConfiguration;
			buildSettings = {
				ALWAYS_SEARCH_USER_PATHS = NO;
				CLANG_CXX_LANGUAGE_STANDARD = "gnu++0x";
				CLANG_CXX_LIBRARY = "libc++";
				CLANG_ENABLE_MODULES = YES;
				CLANG_ENABLE_OBJC_ARC = YES;
				CLANG_WARN_BOOL_CONVERSION = YES;
				CLANG_WARN_CONSTANT_CONVERSION = YES;
				CLANG_WARN_DIRECT_OBJC_ISA_USAGE = YES_ERROR;
				CLANG_WARN_EMPTY_BODY = YES;
				CLANG_WARN_ENUM_CONVERSION = YES;
				CLANG_WARN_INT_CONVERSION = YES;
				CLANG_WARN_OBJC_ROOT_CLASS = YES_ERROR;
				CLANG_WARN__DUPLICATE_METHOD_MATCH = YES;
				"CODE_SIGN_IDENTITY[sdk=iphoneos*]" = "iPhone Developer";
				COPY_PHASE_STRIP = YES;
				ENABLE_NS_ASSERTIONS = NO;
				GCC_C_LANGUAGE_STANDARD = gnu99;
				GCC_WARN_64_TO_32_BIT_CONVERSION = YES;
				GCC_WARN_ABOUT_RETURN_TYPE = YES_ERROR;
				GCC_WARN_UNDECLARED_SELECTOR = YES;
				GCC_WARN_UNINITIALIZED_AUTOS = YES_AGGRESSIVE;
				GCC_WARN_UNUSED_FUNCTION = YES;
				GCC_WARN_UNUSED_VARIABLE = YES;
				IPHONEOS_DEPLOYMENT_TARGET = 9.3;
				SDKROOT = iphoneos;
				TARGETED_DEVICE_FAMILY = "1,2";
				VALIDATE_PRODUCT = YES;
			};
			name = Release;
		};
		6003F5C0195388D20070C39A /* Debug */ = {
			isa = XCBuildConfiguration;
			baseConfigurationReference = 6F1AFFCE0CD6089654C02456 /* Pods-MYKit_Example.debug.xcconfig */;
			buildSettings = {
				ASSETCATALOG_COMPILER_APPICON_NAME = AppIcon;
				GCC_PRECOMPILE_PREFIX_HEADER = YES;
				GCC_PREFIX_HEADER = "MYKit/MYKit-Prefix.pch";
				INFOPLIST_FILE = "MYKit/MYKit-Info.plist";
				IPHONEOS_DEPLOYMENT_TARGET = 8.0;
				MODULE_NAME = ExampleApp;
				PRODUCT_BUNDLE_IDENTIFIER = "org.cocoapods.demo.${PRODUCT_NAME:rfc1034identifier}";
				PRODUCT_NAME = "$(TARGET_NAME)";
				WRAPPER_EXTENSION = app;
			};
			name = Debug;
		};
		6003F5C1195388D20070C39A /* Release */ = {
			isa = XCBuildConfiguration;
			baseConfigurationReference = 98347A3021374B240B69B6CF /* Pods-MYKit_Example.release.xcconfig */;
			buildSettings = {
				ASSETCATALOG_COMPILER_APPICON_NAME = AppIcon;
				GCC_PRECOMPILE_PREFIX_HEADER = YES;
				GCC_PREFIX_HEADER = "MYKit/MYKit-Prefix.pch";
				INFOPLIST_FILE = "MYKit/MYKit-Info.plist";
				IPHONEOS_DEPLOYMENT_TARGET = 8.0;
				MODULE_NAME = ExampleApp;
				PRODUCT_BUNDLE_IDENTIFIER = "org.cocoapods.demo.${PRODUCT_NAME:rfc1034identifier}";
				PRODUCT_NAME = "$(TARGET_NAME)";
				WRAPPER_EXTENSION = app;
			};
			name = Release;
		};
		6003F5C3195388D20070C39A /* Debug */ = {
			isa = XCBuildConfiguration;
			baseConfigurationReference = 4C6A39A7F7BFF78A30544056 /* Pods-MYKit_Tests.debug.xcconfig */;
			buildSettings = {
				BUNDLE_LOADER = "$(TEST_HOST)";
				FRAMEWORK_SEARCH_PATHS = (
					"$(SDKROOT)/Developer/Library/Frameworks",
					"$(inherited)",
					"$(DEVELOPER_FRAMEWORKS_DIR)",
				);
				GCC_PRECOMPILE_PREFIX_HEADER = YES;
				GCC_PREFIX_HEADER = "Tests/Tests-Prefix.pch";
				GCC_PREPROCESSOR_DEFINITIONS = (
					"DEBUG=1",
					"$(inherited)",
				);
				INFOPLIST_FILE = "Tests/Tests-Info.plist";
				PRODUCT_BUNDLE_IDENTIFIER = "org.cocoapods.demo.${PRODUCT_NAME:rfc1034identifier}";
				PRODUCT_NAME = "$(TARGET_NAME)";
				TEST_HOST = "$(BUILT_PRODUCTS_DIR)/MYKit_Example.app/MYKit_Example";
				WRAPPER_EXTENSION = xctest;
			};
			name = Debug;
		};
		6003F5C4195388D20070C39A /* Release */ = {
			isa = XCBuildConfiguration;
			baseConfigurationReference = 2FB4D43C7A3AFA0B7259E645 /* Pods-MYKit_Tests.release.xcconfig */;
			buildSettings = {
				BUNDLE_LOADER = "$(TEST_HOST)";
				FRAMEWORK_SEARCH_PATHS = (
					"$(SDKROOT)/Developer/Library/Frameworks",
					"$(inherited)",
					"$(DEVELOPER_FRAMEWORKS_DIR)",
				);
				GCC_PRECOMPILE_PREFIX_HEADER = YES;
				GCC_PREFIX_HEADER = "Tests/Tests-Prefix.pch";
				INFOPLIST_FILE = "Tests/Tests-Info.plist";
				PRODUCT_BUNDLE_IDENTIFIER = "org.cocoapods.demo.${PRODUCT_NAME:rfc1034identifier}";
				PRODUCT_NAME = "$(TARGET_NAME)";
				TEST_HOST = "$(BUILT_PRODUCTS_DIR)/MYKit_Example.app/MYKit_Example";
				WRAPPER_EXTENSION = xctest;
			};
			name = Release;
		};
/* End XCBuildConfiguration section */

/* Begin XCConfigurationList section */
		6003F585195388D10070C39A /* Build configuration list for PBXProject "MYKit" */ = {
			isa = XCConfigurationList;
			buildConfigurations = (
				6003F5BD195388D20070C39A /* Debug */,
				6003F5BE195388D20070C39A /* Release */,
			);
			defaultConfigurationIsVisible = 0;
			defaultConfigurationName = Release;
		};
		6003F5BF195388D20070C39A /* Build configuration list for PBXNativeTarget "MYKit_Example" */ = {
			isa = XCConfigurationList;
			buildConfigurations = (
				6003F5C0195388D20070C39A /* Debug */,
				6003F5C1195388D20070C39A /* Release */,
			);
			defaultConfigurationIsVisible = 0;
			defaultConfigurationName = Release;
		};
		6003F5C2195388D20070C39A /* Build configuration list for PBXNativeTarget "MYKit_Tests" */ = {
			isa = XCConfigurationList;
			buildConfigurations = (
				6003F5C3195388D20070C39A /* Debug */,
				6003F5C4195388D20070C39A /* Release */,
			);
			defaultConfigurationIsVisible = 0;
			defaultConfigurationName = Release;
		};
/* End XCConfigurationList section */
	};
	rootObject = 6003F582195388D10070C39A /* Project object */;
}
